
Microsoft Visual Studio Solution File, Format Version 12.00
# Visual Studio 15
VisualStudioVersion = 15.0.27004.2005
MinimumVisualStudioVersion = 10.0.40219.1
Project("{FAE04EC0-301F-11D3-BF4B-00C04F79EFBC}") = "GuideApp.Android", "GuideApp\GuideApp.Android\GuideApp.Android.csproj", "{AF90EE44-B289-4176-A509-63BE961A4BB9}"
EndProject
Project("{FAE04EC0-301F-11D3-BF4B-00C04F79EFBC}") = "GuideApp", "GuideApp\GuideApp\GuideApp.csproj", "{16EC14CD-7BF9-4C72-8E5E-016923758EF5}"
EndProject
Project("{FAE04EC0-301F-11D3-BF4B-00C04F79EFBC}") = "GuideApp.UWP", "GuideApp\GuideApp.UWP\GuideApp.UWP.csproj", "{270CD561-39E5-44D9-BA7F-8335EFC0FA74}"
EndProject
Project("{FAE04EC0-301F-11D3-BF4B-00C04F79EFBC}") = "GuideApp.iOS", "GuideApp\GuideApp.iOS\GuideApp.iOS.csproj", "{D16F2E9B-3780-4245-9E9A-38FB9E5F2760}"
EndProject
Project("{FAE04EC0-301F-11D3-BF4B-00C04F79EFBC}") = "GuideApp.WebApi", "GuideApp.WebApi\GuideApp.WebApi.csproj", "{692188BF-A51C-46BA-B48D-FC0B01E8B7F5}"
EndProject
Project("{FAE04EC0-301F-11D3-BF4B-00C04F79EFBC}") = "GuideApp.WebApi.Tests", "GuideApp.WebApi.Tests\GuideApp.WebApi.Tests.csproj", "{03AA332B-1F6F-47A5-B1DA-F5F1D3078B8F}"
EndProject
Project("{FAE04EC0-301F-11D3-BF4B-00C04F79EFBC}") = "GuideApp.Data", "GuideApp.Data\GuideApp.Data.csproj", "{F126F001-CAE7-4579-9410-8C7BD832ACF6}"
EndProject
Project("{2150E333-8FDC-42A3-9474-1A3956D46DE8}") = "API", "API", "{7BC1B436-4B37-49A8-A759-B5FC76FEA8DD}"
EndProject
Project("{FAE04EC0-301F-11D3-BF4B-00C04F79EFBC}") = "GuideApp.Infrastructure", "GuideApp.Infrasructure\GuideApp.Infrastructure.csproj", "{B1EF594E-A8C6-4A57-A434-2C35EA928780}"
EndProject
Project("{FAE04EC0-301F-11D3-BF4B-00C04F79EFBC}") = "GuideApp.Service", "GuideApp.Service\GuideApp.Service.csproj", "{5FE5D0DF-0DE5-4093-86AF-1BD60A530B9C}"
EndProject
Project("{FAE04EC0-301F-11D3-BF4B-00C04F79EFBC}") = "GuideApp.Repository", "GuideApp.Repository\GuideApp.Repository.csproj", "{8C94430E-66E2-42DD-98E4-40AB44F67AD5}"
EndProject
Global
	GlobalSection(SolutionConfigurationPlatforms) = preSolution
		Ad-Hoc|Any CPU = Ad-Hoc|Any CPU
		Ad-Hoc|ARM = Ad-Hoc|ARM
		Ad-Hoc|iPhone = Ad-Hoc|iPhone
		Ad-Hoc|iPhoneSimulator = Ad-Hoc|iPhoneSimulator
		Ad-Hoc|x64 = Ad-Hoc|x64
		Ad-Hoc|x86 = Ad-Hoc|x86
		AppStore|Any CPU = AppStore|Any CPU
		AppStore|ARM = AppStore|ARM
		AppStore|iPhone = AppStore|iPhone
		AppStore|iPhoneSimulator = AppStore|iPhoneSimulator
		AppStore|x64 = AppStore|x64
		AppStore|x86 = AppStore|x86
		Debug|Any CPU = Debug|Any CPU
		Debug|ARM = Debug|ARM
		Debug|iPhone = Debug|iPhone
		Debug|iPhoneSimulator = Debug|iPhoneSimulator
		Debug|x64 = Debug|x64
		Debug|x86 = Debug|x86
		Release|Any CPU = Release|Any CPU
		Release|ARM = Release|ARM
		Release|iPhone = Release|iPhone
		Release|iPhoneSimulator = Release|iPhoneSimulator
		Release|x64 = Release|x64
		Release|x86 = Release|x86
	EndGlobalSection
	GlobalSection(ProjectConfigurationPlatforms) = postSolution
		{AF90EE44-B289-4176-A509-63BE961A4BB9}.Ad-Hoc|Any CPU.ActiveCfg = Release|Any CPU
		{AF90EE44-B289-4176-A509-63BE961A4BB9}.Ad-Hoc|Any CPU.Build.0 = Release|Any CPU
		{AF90EE44-B289-4176-A509-63BE961A4BB9}.Ad-Hoc|Any CPU.Deploy.0 = Release|Any CPU
		{AF90EE44-B289-4176-A509-63BE961A4BB9}.Ad-Hoc|ARM.ActiveCfg = Release|Any CPU
		{AF90EE44-B289-4176-A509-63BE961A4BB9}.Ad-Hoc|ARM.Build.0 = Release|Any CPU
		{AF90EE44-B289-4176-A509-63BE961A4BB9}.Ad-Hoc|ARM.Deploy.0 = Release|Any CPU
		{AF90EE44-B289-4176-A509-63BE961A4BB9}.Ad-Hoc|iPhone.ActiveCfg = Release|Any CPU
		{AF90EE44-B289-4176-A509-63BE961A4BB9}.Ad-Hoc|iPhone.Build.0 = Release|Any CPU
		{AF90EE44-B289-4176-A509-63BE961A4BB9}.Ad-Hoc|iPhone.Deploy.0 = Release|Any CPU
		{AF90EE44-B289-4176-A509-63BE961A4BB9}.Ad-Hoc|iPhoneSimulator.ActiveCfg = Release|Any CPU
		{AF90EE44-B289-4176-A509-63BE961A4BB9}.Ad-Hoc|iPhoneSimulator.Build.0 = Release|Any CPU
		{AF90EE44-B289-4176-A509-63BE961A4BB9}.Ad-Hoc|iPhoneSimulator.Deploy.0 = Release|Any CPU
		{AF90EE44-B289-4176-A509-63BE961A4BB9}.Ad-Hoc|x64.ActiveCfg = Release|Any CPU
		{AF90EE44-B289-4176-A509-63BE961A4BB9}.Ad-Hoc|x64.Build.0 = Release|Any CPU
		{AF90EE44-B289-4176-A509-63BE961A4BB9}.Ad-Hoc|x64.Deploy.0 = Release|Any CPU
		{AF90EE44-B289-4176-A509-63BE961A4BB9}.Ad-Hoc|x86.ActiveCfg = Release|Any CPU
		{AF90EE44-B289-4176-A509-63BE961A4BB9}.Ad-Hoc|x86.Build.0 = Release|Any CPU
		{AF90EE44-B289-4176-A509-63BE961A4BB9}.Ad-Hoc|x86.Deploy.0 = Release|Any CPU
		{AF90EE44-B289-4176-A509-63BE961A4BB9}.AppStore|Any CPU.ActiveCfg = Release|Any CPU
		{AF90EE44-B289-4176-A509-63BE961A4BB9}.AppStore|Any CPU.Build.0 = Release|Any CPU
		{AF90EE44-B289-4176-A509-63BE961A4BB9}.AppStore|Any CPU.Deploy.0 = Release|Any CPU
		{AF90EE44-B289-4176-A509-63BE961A4BB9}.AppStore|ARM.ActiveCfg = Release|Any CPU
		{AF90EE44-B289-4176-A509-63BE961A4BB9}.AppStore|ARM.Build.0 = Release|Any CPU
		{AF90EE44-B289-4176-A509-63BE961A4BB9}.AppStore|ARM.Deploy.0 = Release|Any CPU
		{AF90EE44-B289-4176-A509-63BE961A4BB9}.AppStore|iPhone.ActiveCfg = Release|Any CPU
		{AF90EE44-B289-4176-A509-63BE961A4BB9}.AppStore|iPhone.Build.0 = Release|Any CPU
		{AF90EE44-B289-4176-A509-63BE961A4BB9}.AppStore|iPhone.Deploy.0 = Release|Any CPU
		{AF90EE44-B289-4176-A509-63BE961A4BB9}.AppStore|iPhoneSimulator.ActiveCfg = Release|Any CPU
		{AF90EE44-B289-4176-A509-63BE961A4BB9}.AppStore|iPhoneSimulator.Build.0 = Release|Any CPU
		{AF90EE44-B289-4176-A509-63BE961A4BB9}.AppStore|iPhoneSimulator.Deploy.0 = Release|Any CPU
		{AF90EE44-B289-4176-A509-63BE961A4BB9}.AppStore|x64.ActiveCfg = Release|Any CPU
		{AF90EE44-B289-4176-A509-63BE961A4BB9}.AppStore|x64.Build.0 = Release|Any CPU
		{AF90EE44-B289-4176-A509-63BE961A4BB9}.AppStore|x64.Deploy.0 = Release|Any CPU
		{AF90EE44-B289-4176-A509-63BE961A4BB9}.AppStore|x86.ActiveCfg = Release|Any CPU
		{AF90EE44-B289-4176-A509-63BE961A4BB9}.AppStore|x86.Build.0 = Release|Any CPU
		{AF90EE44-B289-4176-A509-63BE961A4BB9}.AppStore|x86.Deploy.0 = Release|Any CPU
		{AF90EE44-B289-4176-A509-63BE961A4BB9}.Debug|Any CPU.ActiveCfg = Debug|Any CPU
		{AF90EE44-B289-4176-A509-63BE961A4BB9}.Debug|Any CPU.Build.0 = Debug|Any CPU
		{AF90EE44-B289-4176-A509-63BE961A4BB9}.Debug|Any CPU.Deploy.0 = Debug|Any CPU
		{AF90EE44-B289-4176-A509-63BE961A4BB9}.Debug|ARM.ActiveCfg = Debug|Any CPU
		{AF90EE44-B289-4176-A509-63BE961A4BB9}.Debug|ARM.Build.0 = Debug|Any CPU
		{AF90EE44-B289-4176-A509-63BE961A4BB9}.Debug|ARM.Deploy.0 = Debug|Any CPU
		{AF90EE44-B289-4176-A509-63BE961A4BB9}.Debug|iPhone.ActiveCfg = Debug|Any CPU
		{AF90EE44-B289-4176-A509-63BE961A4BB9}.Debug|iPhone.Build.0 = Debug|Any CPU
		{AF90EE44-B289-4176-A509-63BE961A4BB9}.Debug|iPhone.Deploy.0 = Debug|Any CPU
		{AF90EE44-B289-4176-A509-63BE961A4BB9}.Debug|iPhoneSimulator.ActiveCfg = Debug|Any CPU
		{AF90EE44-B289-4176-A509-63BE961A4BB9}.Debug|iPhoneSimulator.Build.0 = Debug|Any CPU
		{AF90EE44-B289-4176-A509-63BE961A4BB9}.Debug|iPhoneSimulator.Deploy.0 = Debug|Any CPU
		{AF90EE44-B289-4176-A509-63BE961A4BB9}.Debug|x64.ActiveCfg = Debug|Any CPU
		{AF90EE44-B289-4176-A509-63BE961A4BB9}.Debug|x64.Build.0 = Debug|Any CPU
		{AF90EE44-B289-4176-A509-63BE961A4BB9}.Debug|x64.Deploy.0 = Debug|Any CPU
		{AF90EE44-B289-4176-A509-63BE961A4BB9}.Debug|x86.ActiveCfg = Debug|Any CPU
		{AF90EE44-B289-4176-A509-63BE961A4BB9}.Debug|x86.Build.0 = Debug|Any CPU
		{AF90EE44-B289-4176-A509-63BE961A4BB9}.Debug|x86.Deploy.0 = Debug|Any CPU
		{AF90EE44-B289-4176-A509-63BE961A4BB9}.Release|Any CPU.ActiveCfg = Release|Any CPU
		{AF90EE44-B289-4176-A509-63BE961A4BB9}.Release|Any CPU.Build.0 = Release|Any CPU
		{AF90EE44-B289-4176-A509-63BE961A4BB9}.Release|Any CPU.Deploy.0 = Release|Any CPU
		{AF90EE44-B289-4176-A509-63BE961A4BB9}.Release|ARM.ActiveCfg = Release|Any CPU
		{AF90EE44-B289-4176-A509-63BE961A4BB9}.Release|ARM.Build.0 = Release|Any CPU
		{AF90EE44-B289-4176-A509-63BE961A4BB9}.Release|ARM.Deploy.0 = Release|Any CPU
		{AF90EE44-B289-4176-A509-63BE961A4BB9}.Release|iPhone.ActiveCfg = Release|Any CPU
		{AF90EE44-B289-4176-A509-63BE961A4BB9}.Release|iPhone.Build.0 = Release|Any CPU
		{AF90EE44-B289-4176-A509-63BE961A4BB9}.Release|iPhone.Deploy.0 = Release|Any CPU
		{AF90EE44-B289-4176-A509-63BE961A4BB9}.Release|iPhoneSimulator.ActiveCfg = Release|Any CPU
		{AF90EE44-B289-4176-A509-63BE961A4BB9}.Release|iPhoneSimulator.Build.0 = Release|Any CPU
		{AF90EE44-B289-4176-A509-63BE961A4BB9}.Release|iPhoneSimulator.Deploy.0 = Release|Any CPU
		{AF90EE44-B289-4176-A509-63BE961A4BB9}.Release|x64.ActiveCfg = Release|Any CPU
		{AF90EE44-B289-4176-A509-63BE961A4BB9}.Release|x64.Build.0 = Release|Any CPU
		{AF90EE44-B289-4176-A509-63BE961A4BB9}.Release|x64.Deploy.0 = Release|Any CPU
		{AF90EE44-B289-4176-A509-63BE961A4BB9}.Release|x86.ActiveCfg = Release|Any CPU
		{AF90EE44-B289-4176-A509-63BE961A4BB9}.Release|x86.Build.0 = Release|Any CPU
		{AF90EE44-B289-4176-A509-63BE961A4BB9}.Release|x86.Deploy.0 = Release|Any CPU
		{16EC14CD-7BF9-4C72-8E5E-016923758EF5}.Ad-Hoc|Any CPU.ActiveCfg = Release|Any CPU
		{16EC14CD-7BF9-4C72-8E5E-016923758EF5}.Ad-Hoc|Any CPU.Build.0 = Release|Any CPU
		{16EC14CD-7BF9-4C72-8E5E-016923758EF5}.Ad-Hoc|ARM.ActiveCfg = Release|Any CPU
		{16EC14CD-7BF9-4C72-8E5E-016923758EF5}.Ad-Hoc|ARM.Build.0 = Release|Any CPU
		{16EC14CD-7BF9-4C72-8E5E-016923758EF5}.Ad-Hoc|iPhone.ActiveCfg = Release|Any CPU
		{16EC14CD-7BF9-4C72-8E5E-016923758EF5}.Ad-Hoc|iPhone.Build.0 = Release|Any CPU
		{16EC14CD-7BF9-4C72-8E5E-016923758EF5}.Ad-Hoc|iPhoneSimulator.ActiveCfg = Release|Any CPU
		{16EC14CD-7BF9-4C72-8E5E-016923758EF5}.Ad-Hoc|iPhoneSimulator.Build.0 = Release|Any CPU
		{16EC14CD-7BF9-4C72-8E5E-016923758EF5}.Ad-Hoc|x64.ActiveCfg = Release|Any CPU
		{16EC14CD-7BF9-4C72-8E5E-016923758EF5}.Ad-Hoc|x64.Build.0 = Release|Any CPU
		{16EC14CD-7BF9-4C72-8E5E-016923758EF5}.Ad-Hoc|x86.ActiveCfg = Release|Any CPU
		{16EC14CD-7BF9-4C72-8E5E-016923758EF5}.Ad-Hoc|x86.Build.0 = Release|Any CPU
		{16EC14CD-7BF9-4C72-8E5E-016923758EF5}.AppStore|Any CPU.ActiveCfg = Release|Any CPU
		{16EC14CD-7BF9-4C72-8E5E-016923758EF5}.AppStore|Any CPU.Build.0 = Release|Any CPU
		{16EC14CD-7BF9-4C72-8E5E-016923758EF5}.AppStore|ARM.ActiveCfg = Release|Any CPU
		{16EC14CD-7BF9-4C72-8E5E-016923758EF5}.AppStore|ARM.Build.0 = Release|Any CPU
		{16EC14CD-7BF9-4C72-8E5E-016923758EF5}.AppStore|iPhone.ActiveCfg = Release|Any CPU
		{16EC14CD-7BF9-4C72-8E5E-016923758EF5}.AppStore|iPhone.Build.0 = Release|Any CPU
		{16EC14CD-7BF9-4C72-8E5E-016923758EF5}.AppStore|iPhoneSimulator.ActiveCfg = Release|Any CPU
		{16EC14CD-7BF9-4C72-8E5E-016923758EF5}.AppStore|iPhoneSimulator.Build.0 = Release|Any CPU
		{16EC14CD-7BF9-4C72-8E5E-016923758EF5}.AppStore|x64.ActiveCfg = Release|Any CPU
		{16EC14CD-7BF9-4C72-8E5E-016923758EF5}.AppStore|x64.Build.0 = Release|Any CPU
		{16EC14CD-7BF9-4C72-8E5E-016923758EF5}.AppStore|x86.ActiveCfg = Release|Any CPU
		{16EC14CD-7BF9-4C72-8E5E-016923758EF5}.AppStore|x86.Build.0 = Release|Any CPU
		{16EC14CD-7BF9-4C72-8E5E-016923758EF5}.Debug|Any CPU.ActiveCfg = Debug|Any CPU
		{16EC14CD-7BF9-4C72-8E5E-016923758EF5}.Debug|Any CPU.Build.0 = Debug|Any CPU
		{16EC14CD-7BF9-4C72-8E5E-016923758EF5}.Debug|ARM.ActiveCfg = Debug|Any CPU
		{16EC14CD-7BF9-4C72-8E5E-016923758EF5}.Debug|ARM.Build.0 = Debug|Any CPU
		{16EC14CD-7BF9-4C72-8E5E-016923758EF5}.Debug|iPhone.ActiveCfg = Debug|Any CPU
		{16EC14CD-7BF9-4C72-8E5E-016923758EF5}.Debug|iPhone.Build.0 = Debug|Any CPU
		{16EC14CD-7BF9-4C72-8E5E-016923758EF5}.Debug|iPhoneSimulator.ActiveCfg = Debug|Any CPU
		{16EC14CD-7BF9-4C72-8E5E-016923758EF5}.Debug|iPhoneSimulator.Build.0 = Debug|Any CPU
		{16EC14CD-7BF9-4C72-8E5E-016923758EF5}.Debug|x64.ActiveCfg = Debug|Any CPU
		{16EC14CD-7BF9-4C72-8E5E-016923758EF5}.Debug|x64.Build.0 = Debug|Any CPU
		{16EC14CD-7BF9-4C72-8E5E-016923758EF5}.Debug|x86.ActiveCfg = Debug|Any CPU
		{16EC14CD-7BF9-4C72-8E5E-016923758EF5}.Debug|x86.Build.0 = Debug|Any CPU
		{16EC14CD-7BF9-4C72-8E5E-016923758EF5}.Release|Any CPU.ActiveCfg = Release|Any CPU
		{16EC14CD-7BF9-4C72-8E5E-016923758EF5}.Release|Any CPU.Build.0 = Release|Any CPU
		{16EC14CD-7BF9-4C72-8E5E-016923758EF5}.Release|ARM.ActiveCfg = Release|Any CPU
		{16EC14CD-7BF9-4C72-8E5E-016923758EF5}.Release|ARM.Build.0 = Release|Any CPU
		{16EC14CD-7BF9-4C72-8E5E-016923758EF5}.Release|iPhone.ActiveCfg = Release|Any CPU
		{16EC14CD-7BF9-4C72-8E5E-016923758EF5}.Release|iPhone.Build.0 = Release|Any CPU
		{16EC14CD-7BF9-4C72-8E5E-016923758EF5}.Release|iPhoneSimulator.ActiveCfg = Release|Any CPU
		{16EC14CD-7BF9-4C72-8E5E-016923758EF5}.Release|iPhoneSimulator.Build.0 = Release|Any CPU
		{16EC14CD-7BF9-4C72-8E5E-016923758EF5}.Release|x64.ActiveCfg = Release|Any CPU
		{16EC14CD-7BF9-4C72-8E5E-016923758EF5}.Release|x64.Build.0 = Release|Any CPU
		{16EC14CD-7BF9-4C72-8E5E-016923758EF5}.Release|x86.ActiveCfg = Release|Any CPU
		{16EC14CD-7BF9-4C72-8E5E-016923758EF5}.Release|x86.Build.0 = Release|Any CPU
		{270CD561-39E5-44D9-BA7F-8335EFC0FA74}.Ad-Hoc|Any CPU.ActiveCfg = Release|x86
		{270CD561-39E5-44D9-BA7F-8335EFC0FA74}.Ad-Hoc|Any CPU.Build.0 = Release|x86
		{270CD561-39E5-44D9-BA7F-8335EFC0FA74}.Ad-Hoc|Any CPU.Deploy.0 = Release|x86
		{270CD561-39E5-44D9-BA7F-8335EFC0FA74}.Ad-Hoc|ARM.ActiveCfg = Release|ARM
		{270CD561-39E5-44D9-BA7F-8335EFC0FA74}.Ad-Hoc|ARM.Build.0 = Release|ARM
		{270CD561-39E5-44D9-BA7F-8335EFC0FA74}.Ad-Hoc|ARM.Deploy.0 = Release|ARM
		{270CD561-39E5-44D9-BA7F-8335EFC0FA74}.Ad-Hoc|iPhone.ActiveCfg = Release|x86
		{270CD561-39E5-44D9-BA7F-8335EFC0FA74}.Ad-Hoc|iPhone.Build.0 = Release|x86
		{270CD561-39E5-44D9-BA7F-8335EFC0FA74}.Ad-Hoc|iPhone.Deploy.0 = Release|x86
		{270CD561-39E5-44D9-BA7F-8335EFC0FA74}.Ad-Hoc|iPhoneSimulator.ActiveCfg = Release|x86
		{270CD561-39E5-44D9-BA7F-8335EFC0FA74}.Ad-Hoc|iPhoneSimulator.Build.0 = Release|x86
		{270CD561-39E5-44D9-BA7F-8335EFC0FA74}.Ad-Hoc|iPhoneSimulator.Deploy.0 = Release|x86
		{270CD561-39E5-44D9-BA7F-8335EFC0FA74}.Ad-Hoc|x64.ActiveCfg = Release|x64
		{270CD561-39E5-44D9-BA7F-8335EFC0FA74}.Ad-Hoc|x64.Build.0 = Release|x64
		{270CD561-39E5-44D9-BA7F-8335EFC0FA74}.Ad-Hoc|x64.Deploy.0 = Release|x64
		{270CD561-39E5-44D9-BA7F-8335EFC0FA74}.Ad-Hoc|x86.ActiveCfg = Release|x86
		{270CD561-39E5-44D9-BA7F-8335EFC0FA74}.Ad-Hoc|x86.Build.0 = Release|x86
		{270CD561-39E5-44D9-BA7F-8335EFC0FA74}.Ad-Hoc|x86.Deploy.0 = Release|x86
		{270CD561-39E5-44D9-BA7F-8335EFC0FA74}.AppStore|Any CPU.ActiveCfg = Release|x86
		{270CD561-39E5-44D9-BA7F-8335EFC0FA74}.AppStore|Any CPU.Build.0 = Release|x86
		{270CD561-39E5-44D9-BA7F-8335EFC0FA74}.AppStore|Any CPU.Deploy.0 = Release|x86
		{270CD561-39E5-44D9-BA7F-8335EFC0FA74}.AppStore|ARM.ActiveCfg = Release|ARM
		{270CD561-39E5-44D9-BA7F-8335EFC0FA74}.AppStore|ARM.Build.0 = Release|ARM
		{270CD561-39E5-44D9-BA7F-8335EFC0FA74}.AppStore|ARM.Deploy.0 = Release|ARM
		{270CD561-39E5-44D9-BA7F-8335EFC0FA74}.AppStore|iPhone.ActiveCfg = Release|x86
		{270CD561-39E5-44D9-BA7F-8335EFC0FA74}.AppStore|iPhone.Build.0 = Release|x86
		{270CD561-39E5-44D9-BA7F-8335EFC0FA74}.AppStore|iPhone.Deploy.0 = Release|x86
		{270CD561-39E5-44D9-BA7F-8335EFC0FA74}.AppStore|iPhoneSimulator.ActiveCfg = Release|x86
		{270CD561-39E5-44D9-BA7F-8335EFC0FA74}.AppStore|iPhoneSimulator.Build.0 = Release|x86
		{270CD561-39E5-44D9-BA7F-8335EFC0FA74}.AppStore|iPhoneSimulator.Deploy.0 = Release|x86
		{270CD561-39E5-44D9-BA7F-8335EFC0FA74}.AppStore|x64.ActiveCfg = Release|x64
		{270CD561-39E5-44D9-BA7F-8335EFC0FA74}.AppStore|x64.Build.0 = Release|x64
		{270CD561-39E5-44D9-BA7F-8335EFC0FA74}.AppStore|x64.Deploy.0 = Release|x64
		{270CD561-39E5-44D9-BA7F-8335EFC0FA74}.AppStore|x86.ActiveCfg = Release|x86
		{270CD561-39E5-44D9-BA7F-8335EFC0FA74}.AppStore|x86.Build.0 = Release|x86
		{270CD561-39E5-44D9-BA7F-8335EFC0FA74}.AppStore|x86.Deploy.0 = Release|x86
		{270CD561-39E5-44D9-BA7F-8335EFC0FA74}.Debug|Any CPU.ActiveCfg = Debug|x86
		{270CD561-39E5-44D9-BA7F-8335EFC0FA74}.Debug|ARM.ActiveCfg = Debug|ARM
		{270CD561-39E5-44D9-BA7F-8335EFC0FA74}.Debug|ARM.Build.0 = Debug|ARM
		{270CD561-39E5-44D9-BA7F-8335EFC0FA74}.Debug|ARM.Deploy.0 = Debug|ARM
		{270CD561-39E5-44D9-BA7F-8335EFC0FA74}.Debug|iPhone.ActiveCfg = Debug|x86
		{270CD561-39E5-44D9-BA7F-8335EFC0FA74}.Debug|iPhoneSimulator.ActiveCfg = Debug|x86
		{270CD561-39E5-44D9-BA7F-8335EFC0FA74}.Debug|x64.ActiveCfg = Debug|x64
		{270CD561-39E5-44D9-BA7F-8335EFC0FA74}.Debug|x64.Build.0 = Debug|x64
		{270CD561-39E5-44D9-BA7F-8335EFC0FA74}.Debug|x64.Deploy.0 = Debug|x64
		{270CD561-39E5-44D9-BA7F-8335EFC0FA74}.Debug|x86.ActiveCfg = Debug|x86
		{270CD561-39E5-44D9-BA7F-8335EFC0FA74}.Debug|x86.Build.0 = Debug|x86
		{270CD561-39E5-44D9-BA7F-8335EFC0FA74}.Debug|x86.Deploy.0 = Debug|x86
		{270CD561-39E5-44D9-BA7F-8335EFC0FA74}.Release|Any CPU.ActiveCfg = Release|x86
		{270CD561-39E5-44D9-BA7F-8335EFC0FA74}.Release|ARM.ActiveCfg = Release|ARM
		{270CD561-39E5-44D9-BA7F-8335EFC0FA74}.Release|ARM.Build.0 = Release|ARM
		{270CD561-39E5-44D9-BA7F-8335EFC0FA74}.Release|ARM.Deploy.0 = Release|ARM
		{270CD561-39E5-44D9-BA7F-8335EFC0FA74}.Release|iPhone.ActiveCfg = Release|x86
		{270CD561-39E5-44D9-BA7F-8335EFC0FA74}.Release|iPhoneSimulator.ActiveCfg = Release|x86
		{270CD561-39E5-44D9-BA7F-8335EFC0FA74}.Release|x64.ActiveCfg = Release|x64
		{270CD561-39E5-44D9-BA7F-8335EFC0FA74}.Release|x64.Build.0 = Release|x64
		{270CD561-39E5-44D9-BA7F-8335EFC0FA74}.Release|x64.Deploy.0 = Release|x64
		{270CD561-39E5-44D9-BA7F-8335EFC0FA74}.Release|x86.ActiveCfg = Release|x86
		{270CD561-39E5-44D9-BA7F-8335EFC0FA74}.Release|x86.Build.0 = Release|x86
		{270CD561-39E5-44D9-BA7F-8335EFC0FA74}.Release|x86.Deploy.0 = Release|x86
		{D16F2E9B-3780-4245-9E9A-38FB9E5F2760}.Ad-Hoc|Any CPU.ActiveCfg = Ad-Hoc|iPhoneSimulator
		{D16F2E9B-3780-4245-9E9A-38FB9E5F2760}.Ad-Hoc|ARM.ActiveCfg = Ad-Hoc|iPhone
		{D16F2E9B-3780-4245-9E9A-38FB9E5F2760}.Ad-Hoc|iPhone.ActiveCfg = Ad-Hoc|iPhone
		{D16F2E9B-3780-4245-9E9A-38FB9E5F2760}.Ad-Hoc|iPhone.Build.0 = Ad-Hoc|iPhone
		{D16F2E9B-3780-4245-9E9A-38FB9E5F2760}.Ad-Hoc|iPhoneSimulator.ActiveCfg = Ad-Hoc|iPhoneSimulator
		{D16F2E9B-3780-4245-9E9A-38FB9E5F2760}.Ad-Hoc|iPhoneSimulator.Build.0 = Ad-Hoc|iPhoneSimulator
		{D16F2E9B-3780-4245-9E9A-38FB9E5F2760}.Ad-Hoc|x64.ActiveCfg = Ad-Hoc|iPhone
		{D16F2E9B-3780-4245-9E9A-38FB9E5F2760}.Ad-Hoc|x86.ActiveCfg = Ad-Hoc|iPhone
		{D16F2E9B-3780-4245-9E9A-38FB9E5F2760}.AppStore|Any CPU.ActiveCfg = AppStore|iPhoneSimulator
		{D16F2E9B-3780-4245-9E9A-38FB9E5F2760}.AppStore|ARM.ActiveCfg = AppStore|iPhone
		{D16F2E9B-3780-4245-9E9A-38FB9E5F2760}.AppStore|iPhone.ActiveCfg = AppStore|iPhone
		{D16F2E9B-3780-4245-9E9A-38FB9E5F2760}.AppStore|iPhone.Build.0 = AppStore|iPhone
		{D16F2E9B-3780-4245-9E9A-38FB9E5F2760}.AppStore|iPhoneSimulator.ActiveCfg = AppStore|iPhoneSimulator
		{D16F2E9B-3780-4245-9E9A-38FB9E5F2760}.AppStore|iPhoneSimulator.Build.0 = AppStore|iPhoneSimulator
		{D16F2E9B-3780-4245-9E9A-38FB9E5F2760}.AppStore|x64.ActiveCfg = AppStore|iPhone
		{D16F2E9B-3780-4245-9E9A-38FB9E5F2760}.AppStore|x86.ActiveCfg = AppStore|iPhone
		{D16F2E9B-3780-4245-9E9A-38FB9E5F2760}.Debug|Any CPU.ActiveCfg = Debug|iPhoneSimulator
		{D16F2E9B-3780-4245-9E9A-38FB9E5F2760}.Debug|ARM.ActiveCfg = Debug|iPhone
		{D16F2E9B-3780-4245-9E9A-38FB9E5F2760}.Debug|iPhone.ActiveCfg = Debug|iPhone
		{D16F2E9B-3780-4245-9E9A-38FB9E5F2760}.Debug|iPhone.Build.0 = Debug|iPhone
		{D16F2E9B-3780-4245-9E9A-38FB9E5F2760}.Debug|iPhoneSimulator.ActiveCfg = Debug|iPhoneSimulator
		{D16F2E9B-3780-4245-9E9A-38FB9E5F2760}.Debug|iPhoneSimulator.Build.0 = Debug|iPhoneSimulator
		{D16F2E9B-3780-4245-9E9A-38FB9E5F2760}.Debug|x64.ActiveCfg = Debug|iPhone
		{D16F2E9B-3780-4245-9E9A-38FB9E5F2760}.Debug|x86.ActiveCfg = Debug|iPhone
		{D16F2E9B-3780-4245-9E9A-38FB9E5F2760}.Release|Any CPU.ActiveCfg = Release|iPhoneSimulator
		{D16F2E9B-3780-4245-9E9A-38FB9E5F2760}.Release|ARM.ActiveCfg = Release|iPhone
		{D16F2E9B-3780-4245-9E9A-38FB9E5F2760}.Release|iPhone.ActiveCfg = Release|iPhone
		{D16F2E9B-3780-4245-9E9A-38FB9E5F2760}.Release|iPhone.Build.0 = Release|iPhone
		{D16F2E9B-3780-4245-9E9A-38FB9E5F2760}.Release|iPhoneSimulator.ActiveCfg = Release|iPhoneSimulator
		{D16F2E9B-3780-4245-9E9A-38FB9E5F2760}.Release|iPhoneSimulator.Build.0 = Release|iPhoneSimulator
		{D16F2E9B-3780-4245-9E9A-38FB9E5F2760}.Release|x64.ActiveCfg = Release|iPhone
		{D16F2E9B-3780-4245-9E9A-38FB9E5F2760}.Release|x86.ActiveCfg = Release|iPhone
		{692188BF-A51C-46BA-B48D-FC0B01E8B7F5}.Ad-Hoc|Any CPU.ActiveCfg = Release|Any CPU
		{692188BF-A51C-46BA-B48D-FC0B01E8B7F5}.Ad-Hoc|Any CPU.Build.0 = Release|Any CPU
		{692188BF-A51C-46BA-B48D-FC0B01E8B7F5}.Ad-Hoc|ARM.ActiveCfg = Release|Any CPU
		{692188BF-A51C-46BA-B48D-FC0B01E8B7F5}.Ad-Hoc|ARM.Build.0 = Release|Any CPU
		{692188BF-A51C-46BA-B48D-FC0B01E8B7F5}.Ad-Hoc|iPhone.ActiveCfg = Release|Any CPU
		{692188BF-A51C-46BA-B48D-FC0B01E8B7F5}.Ad-Hoc|iPhone.Build.0 = Release|Any CPU
		{692188BF-A51C-46BA-B48D-FC0B01E8B7F5}.Ad-Hoc|iPhoneSimulator.ActiveCfg = Release|Any CPU
		{692188BF-A51C-46BA-B48D-FC0B01E8B7F5}.Ad-Hoc|iPhoneSimulator.Build.0 = Release|Any CPU
		{692188BF-A51C-46BA-B48D-FC0B01E8B7F5}.Ad-Hoc|x64.ActiveCfg = Release|Any CPU
		{692188BF-A51C-46BA-B48D-FC0B01E8B7F5}.Ad-Hoc|x64.Build.0 = Release|Any CPU
		{692188BF-A51C-46BA-B48D-FC0B01E8B7F5}.Ad-Hoc|x86.ActiveCfg = Release|Any CPU
		{692188BF-A51C-46BA-B48D-FC0B01E8B7F5}.Ad-Hoc|x86.Build.0 = Release|Any CPU
		{692188BF-A51C-46BA-B48D-FC0B01E8B7F5}.AppStore|Any CPU.ActiveCfg = Release|Any CPU
		{692188BF-A51C-46BA-B48D-FC0B01E8B7F5}.AppStore|Any CPU.Build.0 = Release|Any CPU
		{692188BF-A51C-46BA-B48D-FC0B01E8B7F5}.AppStore|ARM.ActiveCfg = Release|Any CPU
		{692188BF-A51C-46BA-B48D-FC0B01E8B7F5}.AppStore|ARM.Build.0 = Release|Any CPU
		{692188BF-A51C-46BA-B48D-FC0B01E8B7F5}.AppStore|iPhone.ActiveCfg = Release|Any CPU
		{692188BF-A51C-46BA-B48D-FC0B01E8B7F5}.AppStore|iPhone.Build.0 = Release|Any CPU
		{692188BF-A51C-46BA-B48D-FC0B01E8B7F5}.AppStore|iPhoneSimulator.ActiveCfg = Release|Any CPU
		{692188BF-A51C-46BA-B48D-FC0B01E8B7F5}.AppStore|iPhoneSimulator.Build.0 = Release|Any CPU
		{692188BF-A51C-46BA-B48D-FC0B01E8B7F5}.AppStore|x64.ActiveCfg = Release|Any CPU
		{692188BF-A51C-46BA-B48D-FC0B01E8B7F5}.AppStore|x64.Build.0 = Release|Any CPU
		{692188BF-A51C-46BA-B48D-FC0B01E8B7F5}.AppStore|x86.ActiveCfg = Release|Any CPU
		{692188BF-A51C-46BA-B48D-FC0B01E8B7F5}.AppStore|x86.Build.0 = Release|Any CPU
		{692188BF-A51C-46BA-B48D-FC0B01E8B7F5}.Debug|Any CPU.ActiveCfg = Debug|Any CPU
		{692188BF-A51C-46BA-B48D-FC0B01E8B7F5}.Debug|Any CPU.Build.0 = Debug|Any CPU
		{692188BF-A51C-46BA-B48D-FC0B01E8B7F5}.Debug|ARM.ActiveCfg = Debug|Any CPU
		{692188BF-A51C-46BA-B48D-FC0B01E8B7F5}.Debug|ARM.Build.0 = Debug|Any CPU
		{692188BF-A51C-46BA-B48D-FC0B01E8B7F5}.Debug|iPhone.ActiveCfg = Debug|Any CPU
		{692188BF-A51C-46BA-B48D-FC0B01E8B7F5}.Debug|iPhone.Build.0 = Debug|Any CPU
		{692188BF-A51C-46BA-B48D-FC0B01E8B7F5}.Debug|iPhoneSimulator.ActiveCfg = Debug|Any CPU
		{692188BF-A51C-46BA-B48D-FC0B01E8B7F5}.Debug|iPhoneSimulator.Build.0 = Debug|Any CPU
		{692188BF-A51C-46BA-B48D-FC0B01E8B7F5}.Debug|x64.ActiveCfg = Debug|Any CPU
		{692188BF-A51C-46BA-B48D-FC0B01E8B7F5}.Debug|x64.Build.0 = Debug|Any CPU
		{692188BF-A51C-46BA-B48D-FC0B01E8B7F5}.Debug|x86.ActiveCfg = Debug|Any CPU
		{692188BF-A51C-46BA-B48D-FC0B01E8B7F5}.Debug|x86.Build.0 = Debug|Any CPU
		{692188BF-A51C-46BA-B48D-FC0B01E8B7F5}.Release|Any CPU.ActiveCfg = Release|Any CPU
		{692188BF-A51C-46BA-B48D-FC0B01E8B7F5}.Release|Any CPU.Build.0 = Release|Any CPU
		{692188BF-A51C-46BA-B48D-FC0B01E8B7F5}.Release|ARM.ActiveCfg = Release|Any CPU
		{692188BF-A51C-46BA-B48D-FC0B01E8B7F5}.Release|ARM.Build.0 = Release|Any CPU
		{692188BF-A51C-46BA-B48D-FC0B01E8B7F5}.Release|iPhone.ActiveCfg = Release|Any CPU
		{692188BF-A51C-46BA-B48D-FC0B01E8B7F5}.Release|iPhone.Build.0 = Release|Any CPU
		{692188BF-A51C-46BA-B48D-FC0B01E8B7F5}.Release|iPhoneSimulator.ActiveCfg = Release|Any CPU
		{692188BF-A51C-46BA-B48D-FC0B01E8B7F5}.Release|iPhoneSimulator.Build.0 = Release|Any CPU
		{692188BF-A51C-46BA-B48D-FC0B01E8B7F5}.Release|x64.ActiveCfg = Release|Any CPU
		{692188BF-A51C-46BA-B48D-FC0B01E8B7F5}.Release|x64.Build.0 = Release|Any CPU
		{692188BF-A51C-46BA-B48D-FC0B01E8B7F5}.Release|x86.ActiveCfg = Release|Any CPU
		{692188BF-A51C-46BA-B48D-FC0B01E8B7F5}.Release|x86.Build.0 = Release|Any CPU
		{03AA332B-1F6F-47A5-B1DA-F5F1D3078B8F}.Ad-Hoc|Any CPU.ActiveCfg = Release|Any CPU
		{03AA332B-1F6F-47A5-B1DA-F5F1D3078B8F}.Ad-Hoc|Any CPU.Build.0 = Release|Any CPU
		{03AA332B-1F6F-47A5-B1DA-F5F1D3078B8F}.Ad-Hoc|ARM.ActiveCfg = Release|Any CPU
		{03AA332B-1F6F-47A5-B1DA-F5F1D3078B8F}.Ad-Hoc|ARM.Build.0 = Release|Any CPU
		{03AA332B-1F6F-47A5-B1DA-F5F1D3078B8F}.Ad-Hoc|iPhone.ActiveCfg = Release|Any CPU
		{03AA332B-1F6F-47A5-B1DA-F5F1D3078B8F}.Ad-Hoc|iPhone.Build.0 = Release|Any CPU
		{03AA332B-1F6F-47A5-B1DA-F5F1D3078B8F}.Ad-Hoc|iPhoneSimulator.ActiveCfg = Release|Any CPU
		{03AA332B-1F6F-47A5-B1DA-F5F1D3078B8F}.Ad-Hoc|iPhoneSimulator.Build.0 = Release|Any CPU
		{03AA332B-1F6F-47A5-B1DA-F5F1D3078B8F}.Ad-Hoc|x64.ActiveCfg = Release|Any CPU
		{03AA332B-1F6F-47A5-B1DA-F5F1D3078B8F}.Ad-Hoc|x64.Build.0 = Release|Any CPU
		{03AA332B-1F6F-47A5-B1DA-F5F1D3078B8F}.Ad-Hoc|x86.ActiveCfg = Release|Any CPU
		{03AA332B-1F6F-47A5-B1DA-F5F1D3078B8F}.Ad-Hoc|x86.Build.0 = Release|Any CPU
		{03AA332B-1F6F-47A5-B1DA-F5F1D3078B8F}.AppStore|Any CPU.ActiveCfg = Release|Any CPU
		{03AA332B-1F6F-47A5-B1DA-F5F1D3078B8F}.AppStore|Any CPU.Build.0 = Release|Any CPU
		{03AA332B-1F6F-47A5-B1DA-F5F1D3078B8F}.AppStore|ARM.ActiveCfg = Release|Any CPU
		{03AA332B-1F6F-47A5-B1DA-F5F1D3078B8F}.AppStore|ARM.Build.0 = Release|Any CPU
		{03AA332B-1F6F-47A5-B1DA-F5F1D3078B8F}.AppStore|iPhone.ActiveCfg = Release|Any CPU
		{03AA332B-1F6F-47A5-B1DA-F5F1D3078B8F}.AppStore|iPhone.Build.0 = Release|Any CPU
		{03AA332B-1F6F-47A5-B1DA-F5F1D3078B8F}.AppStore|iPhoneSimulator.ActiveCfg = Release|Any CPU
		{03AA332B-1F6F-47A5-B1DA-F5F1D3078B8F}.AppStore|iPhoneSimulator.Build.0 = Release|Any CPU
		{03AA332B-1F6F-47A5-B1DA-F5F1D3078B8F}.AppStore|x64.ActiveCfg = Release|Any CPU
		{03AA332B-1F6F-47A5-B1DA-F5F1D3078B8F}.AppStore|x64.Build.0 = Release|Any CPU
		{03AA332B-1F6F-47A5-B1DA-F5F1D3078B8F}.AppStore|x86.ActiveCfg = Release|Any CPU
		{03AA332B-1F6F-47A5-B1DA-F5F1D3078B8F}.AppStore|x86.Build.0 = Release|Any CPU
		{03AA332B-1F6F-47A5-B1DA-F5F1D3078B8F}.Debug|Any CPU.ActiveCfg = Debug|Any CPU
		{03AA332B-1F6F-47A5-B1DA-F5F1D3078B8F}.Debug|Any CPU.Build.0 = Debug|Any CPU
		{03AA332B-1F6F-47A5-B1DA-F5F1D3078B8F}.Debug|ARM.ActiveCfg = Debug|Any CPU
		{03AA332B-1F6F-47A5-B1DA-F5F1D3078B8F}.Debug|ARM.Build.0 = Debug|Any CPU
		{03AA332B-1F6F-47A5-B1DA-F5F1D3078B8F}.Debug|iPhone.ActiveCfg = Debug|Any CPU
		{03AA332B-1F6F-47A5-B1DA-F5F1D3078B8F}.Debug|iPhone.Build.0 = Debug|Any CPU
		{03AA332B-1F6F-47A5-B1DA-F5F1D3078B8F}.Debug|iPhoneSimulator.ActiveCfg = Debug|Any CPU
		{03AA332B-1F6F-47A5-B1DA-F5F1D3078B8F}.Debug|iPhoneSimulator.Build.0 = Debug|Any CPU
		{03AA332B-1F6F-47A5-B1DA-F5F1D3078B8F}.Debug|x64.ActiveCfg = Debug|Any CPU
		{03AA332B-1F6F-47A5-B1DA-F5F1D3078B8F}.Debug|x64.Build.0 = Debug|Any CPU
		{03AA332B-1F6F-47A5-B1DA-F5F1D3078B8F}.Debug|x86.ActiveCfg = Debug|Any CPU
		{03AA332B-1F6F-47A5-B1DA-F5F1D3078B8F}.Debug|x86.Build.0 = Debug|Any CPU
		{03AA332B-1F6F-47A5-B1DA-F5F1D3078B8F}.Release|Any CPU.ActiveCfg = Release|Any CPU
		{03AA332B-1F6F-47A5-B1DA-F5F1D3078B8F}.Release|Any CPU.Build.0 = Release|Any CPU
		{03AA332B-1F6F-47A5-B1DA-F5F1D3078B8F}.Release|ARM.ActiveCfg = Release|Any CPU
		{03AA332B-1F6F-47A5-B1DA-F5F1D3078B8F}.Release|ARM.Build.0 = Release|Any CPU
		{03AA332B-1F6F-47A5-B1DA-F5F1D3078B8F}.Release|iPhone.ActiveCfg = Release|Any CPU
		{03AA332B-1F6F-47A5-B1DA-F5F1D3078B8F}.Release|iPhone.Build.0 = Release|Any CPU
		{03AA332B-1F6F-47A5-B1DA-F5F1D3078B8F}.Release|iPhoneSimulator.ActiveCfg = Release|Any CPU
		{03AA332B-1F6F-47A5-B1DA-F5F1D3078B8F}.Release|iPhoneSimulator.Build.0 = Release|Any CPU
		{03AA332B-1F6F-47A5-B1DA-F5F1D3078B8F}.Release|x64.ActiveCfg = Release|Any CPU
		{03AA332B-1F6F-47A5-B1DA-F5F1D3078B8F}.Release|x64.Build.0 = Release|Any CPU
		{03AA332B-1F6F-47A5-B1DA-F5F1D3078B8F}.Release|x86.ActiveCfg = Release|Any CPU
		{03AA332B-1F6F-47A5-B1DA-F5F1D3078B8F}.Release|x86.Build.0 = Release|Any CPU
		{F126F001-CAE7-4579-9410-8C7BD832ACF6}.Ad-Hoc|Any CPU.ActiveCfg = Release|Any CPU
		{F126F001-CAE7-4579-9410-8C7BD832ACF6}.Ad-Hoc|Any CPU.Build.0 = Release|Any CPU
		{F126F001-CAE7-4579-9410-8C7BD832ACF6}.Ad-Hoc|ARM.ActiveCfg = Release|Any CPU
		{F126F001-CAE7-4579-9410-8C7BD832ACF6}.Ad-Hoc|ARM.Build.0 = Release|Any CPU
		{F126F001-CAE7-4579-9410-8C7BD832ACF6}.Ad-Hoc|iPhone.ActiveCfg = Release|Any CPU
		{F126F001-CAE7-4579-9410-8C7BD832ACF6}.Ad-Hoc|iPhone.Build.0 = Release|Any CPU
		{F126F001-CAE7-4579-9410-8C7BD832ACF6}.Ad-Hoc|iPhoneSimulator.ActiveCfg = Release|Any CPU
		{F126F001-CAE7-4579-9410-8C7BD832ACF6}.Ad-Hoc|iPhoneSimulator.Build.0 = Release|Any CPU
		{F126F001-CAE7-4579-9410-8C7BD832ACF6}.Ad-Hoc|x64.ActiveCfg = Release|Any CPU
		{F126F001-CAE7-4579-9410-8C7BD832ACF6}.Ad-Hoc|x64.Build.0 = Release|Any CPU
		{F126F001-CAE7-4579-9410-8C7BD832ACF6}.Ad-Hoc|x86.ActiveCfg = Release|Any CPU
		{F126F001-CAE7-4579-9410-8C7BD832ACF6}.Ad-Hoc|x86.Build.0 = Release|Any CPU
		{F126F001-CAE7-4579-9410-8C7BD832ACF6}.AppStore|Any CPU.ActiveCfg = Release|Any CPU
		{F126F001-CAE7-4579-9410-8C7BD832ACF6}.AppStore|Any CPU.Build.0 = Release|Any CPU
		{F126F001-CAE7-4579-9410-8C7BD832ACF6}.AppStore|ARM.ActiveCfg = Release|Any CPU
		{F126F001-CAE7-4579-9410-8C7BD832ACF6}.AppStore|ARM.Build.0 = Release|Any CPU
		{F126F001-CAE7-4579-9410-8C7BD832ACF6}.AppStore|iPhone.ActiveCfg = Release|Any CPU
		{F126F001-CAE7-4579-9410-8C7BD832ACF6}.AppStore|iPhone.Build.0 = Release|Any CPU
		{F126F001-CAE7-4579-9410-8C7BD832ACF6}.AppStore|iPhoneSimulator.ActiveCfg = Release|Any CPU
		{F126F001-CAE7-4579-9410-8C7BD832ACF6}.AppStore|iPhoneSimulator.Build.0 = Release|Any CPU
		{F126F001-CAE7-4579-9410-8C7BD832ACF6}.AppStore|x64.ActiveCfg = Release|Any CPU
		{F126F001-CAE7-4579-9410-8C7BD832ACF6}.AppStore|x64.Build.0 = Release|Any CPU
		{F126F001-CAE7-4579-9410-8C7BD832ACF6}.AppStore|x86.ActiveCfg = Release|Any CPU
		{F126F001-CAE7-4579-9410-8C7BD832ACF6}.AppStore|x86.Build.0 = Release|Any CPU
		{F126F001-CAE7-4579-9410-8C7BD832ACF6}.Debug|Any CPU.ActiveCfg = Debug|Any CPU
		{F126F001-CAE7-4579-9410-8C7BD832ACF6}.Debug|Any CPU.Build.0 = Debug|Any CPU
		{F126F001-CAE7-4579-9410-8C7BD832ACF6}.Debug|ARM.ActiveCfg = Debug|Any CPU
		{F126F001-CAE7-4579-9410-8C7BD832ACF6}.Debug|ARM.Build.0 = Debug|Any CPU
		{F126F001-CAE7-4579-9410-8C7BD832ACF6}.Debug|iPhone.ActiveCfg = Debug|Any CPU
		{F126F001-CAE7-4579-9410-8C7BD832ACF6}.Debug|iPhone.Build.0 = Debug|Any CPU
		{F126F001-CAE7-4579-9410-8C7BD832ACF6}.Debug|iPhoneSimulator.ActiveCfg = Debug|Any CPU
		{F126F001-CAE7-4579-9410-8C7BD832ACF6}.Debug|iPhoneSimulator.Build.0 = Debug|Any CPU
		{F126F001-CAE7-4579-9410-8C7BD832ACF6}.Debug|x64.ActiveCfg = Debug|Any CPU
		{F126F001-CAE7-4579-9410-8C7BD832ACF6}.Debug|x64.Build.0 = Debug|Any CPU
		{F126F001-CAE7-4579-9410-8C7BD832ACF6}.Debug|x86.ActiveCfg = Debug|Any CPU
		{F126F001-CAE7-4579-9410-8C7BD832ACF6}.Debug|x86.Build.0 = Debug|Any CPU
		{F126F001-CAE7-4579-9410-8C7BD832ACF6}.Release|Any CPU.ActiveCfg = Release|Any CPU
		{F126F001-CAE7-4579-9410-8C7BD832ACF6}.Release|Any CPU.Build.0 = Release|Any CPU
		{F126F001-CAE7-4579-9410-8C7BD832ACF6}.Release|ARM.ActiveCfg = Release|Any CPU
		{F126F001-CAE7-4579-9410-8C7BD832ACF6}.Release|ARM.Build.0 = Release|Any CPU
		{F126F001-CAE7-4579-9410-8C7BD832ACF6}.Release|iPhone.ActiveCfg = Release|Any CPU
		{F126F001-CAE7-4579-9410-8C7BD832ACF6}.Release|iPhone.Build.0 = Release|Any CPU
		{F126F001-CAE7-4579-9410-8C7BD832ACF6}.Release|iPhoneSimulator.ActiveCfg = Release|Any CPU
		{F126F001-CAE7-4579-9410-8C7BD832ACF6}.Release|iPhoneSimulator.Build.0 = Release|Any CPU
		{F126F001-CAE7-4579-9410-8C7BD832ACF6}.Release|x64.ActiveCfg = Release|Any CPU
		{F126F001-CAE7-4579-9410-8C7BD832ACF6}.Release|x64.Build.0 = Release|Any CPU
		{F126F001-CAE7-4579-9410-8C7BD832ACF6}.Release|x86.ActiveCfg = Release|Any CPU
		{F126F001-CAE7-4579-9410-8C7BD832ACF6}.Release|x86.Build.0 = Release|Any CPU
		{B1EF594E-A8C6-4A57-A434-2C35EA928780}.Ad-Hoc|Any CPU.ActiveCfg = Release|Any CPU
		{B1EF594E-A8C6-4A57-A434-2C35EA928780}.Ad-Hoc|Any CPU.Build.0 = Release|Any CPU
		{B1EF594E-A8C6-4A57-A434-2C35EA928780}.Ad-Hoc|ARM.ActiveCfg = Release|Any CPU
		{B1EF594E-A8C6-4A57-A434-2C35EA928780}.Ad-Hoc|ARM.Build.0 = Release|Any CPU
		{B1EF594E-A8C6-4A57-A434-2C35EA928780}.Ad-Hoc|iPhone.ActiveCfg = Release|Any CPU
		{B1EF594E-A8C6-4A57-A434-2C35EA928780}.Ad-Hoc|iPhone.Build.0 = Release|Any CPU
		{B1EF594E-A8C6-4A57-A434-2C35EA928780}.Ad-Hoc|iPhoneSimulator.ActiveCfg = Release|Any CPU
		{B1EF594E-A8C6-4A57-A434-2C35EA928780}.Ad-Hoc|iPhoneSimulator.Build.0 = Release|Any CPU
		{B1EF594E-A8C6-4A57-A434-2C35EA928780}.Ad-Hoc|x64.ActiveCfg = Release|Any CPU
		{B1EF594E-A8C6-4A57-A434-2C35EA928780}.Ad-Hoc|x64.Build.0 = Release|Any CPU
		{B1EF594E-A8C6-4A57-A434-2C35EA928780}.Ad-Hoc|x86.ActiveCfg = Release|Any CPU
		{B1EF594E-A8C6-4A57-A434-2C35EA928780}.Ad-Hoc|x86.Build.0 = Release|Any CPU
		{B1EF594E-A8C6-4A57-A434-2C35EA928780}.AppStore|Any CPU.ActiveCfg = Release|Any CPU
		{B1EF594E-A8C6-4A57-A434-2C35EA928780}.AppStore|Any CPU.Build.0 = Release|Any CPU
		{B1EF594E-A8C6-4A57-A434-2C35EA928780}.AppStore|ARM.ActiveCfg = Release|Any CPU
		{B1EF594E-A8C6-4A57-A434-2C35EA928780}.AppStore|ARM.Build.0 = Release|Any CPU
		{B1EF594E-A8C6-4A57-A434-2C35EA928780}.AppStore|iPhone.ActiveCfg = Release|Any CPU
		{B1EF594E-A8C6-4A57-A434-2C35EA928780}.AppStore|iPhone.Build.0 = Release|Any CPU
		{B1EF594E-A8C6-4A57-A434-2C35EA928780}.AppStore|iPhoneSimulator.ActiveCfg = Release|Any CPU
		{B1EF594E-A8C6-4A57-A434-2C35EA928780}.AppStore|iPhoneSimulator.Build.0 = Release|Any CPU
		{B1EF594E-A8C6-4A57-A434-2C35EA928780}.AppStore|x64.ActiveCfg = Release|Any CPU
		{B1EF594E-A8C6-4A57-A434-2C35EA928780}.AppStore|x64.Build.0 = Release|Any CPU
		{B1EF594E-A8C6-4A57-A434-2C35EA928780}.AppStore|x86.ActiveCfg = Release|Any CPU
		{B1EF594E-A8C6-4A57-A434-2C35EA928780}.AppStore|x86.Build.0 = Release|Any CPU
		{B1EF594E-A8C6-4A57-A434-2C35EA928780}.Debug|Any CPU.ActiveCfg = Debug|Any CPU
		{B1EF594E-A8C6-4A57-A434-2C35EA928780}.Debug|Any CPU.Build.0 = Debug|Any CPU
		{B1EF594E-A8C6-4A57-A434-2C35EA928780}.Debug|ARM.ActiveCfg = Debug|Any CPU
		{B1EF594E-A8C6-4A57-A434-2C35EA928780}.Debug|ARM.Build.0 = Debug|Any CPU
		{B1EF594E-A8C6-4A57-A434-2C35EA928780}.Debug|iPhone.ActiveCfg = Debug|Any CPU
		{B1EF594E-A8C6-4A57-A434-2C35EA928780}.Debug|iPhone.Build.0 = Debug|Any CPU
		{B1EF594E-A8C6-4A57-A434-2C35EA928780}.Debug|iPhoneSimulator.ActiveCfg = Debug|Any CPU
		{B1EF594E-A8C6-4A57-A434-2C35EA928780}.Debug|iPhoneSimulator.Build.0 = Debug|Any CPU
		{B1EF594E-A8C6-4A57-A434-2C35EA928780}.Debug|x64.ActiveCfg = Debug|Any CPU
		{B1EF594E-A8C6-4A57-A434-2C35EA928780}.Debug|x64.Build.0 = Debug|Any CPU
		{B1EF594E-A8C6-4A57-A434-2C35EA928780}.Debug|x86.ActiveCfg = Debug|Any CPU
		{B1EF594E-A8C6-4A57-A434-2C35EA928780}.Debug|x86.Build.0 = Debug|Any CPU
		{B1EF594E-A8C6-4A57-A434-2C35EA928780}.Release|Any CPU.ActiveCfg = Release|Any CPU
		{B1EF594E-A8C6-4A57-A434-2C35EA928780}.Release|Any CPU.Build.0 = Release|Any CPU
		{B1EF594E-A8C6-4A57-A434-2C35EA928780}.Release|ARM.ActiveCfg = Release|Any CPU
		{B1EF594E-A8C6-4A57-A434-2C35EA928780}.Release|ARM.Build.0 = Release|Any CPU
		{B1EF594E-A8C6-4A57-A434-2C35EA928780}.Release|iPhone.ActiveCfg = Release|Any CPU
		{B1EF594E-A8C6-4A57-A434-2C35EA928780}.Release|iPhone.Build.0 = Release|Any CPU
		{B1EF594E-A8C6-4A57-A434-2C35EA928780}.Release|iPhoneSimulator.ActiveCfg = Release|Any CPU
		{B1EF594E-A8C6-4A57-A434-2C35EA928780}.Release|iPhoneSimulator.Build.0 = Release|Any CPU
		{B1EF594E-A8C6-4A57-A434-2C35EA928780}.Release|x64.ActiveCfg = Release|Any CPU
		{B1EF594E-A8C6-4A57-A434-2C35EA928780}.Release|x64.Build.0 = Release|Any CPU
		{B1EF594E-A8C6-4A57-A434-2C35EA928780}.Release|x86.ActiveCfg = Release|Any CPU
		{B1EF594E-A8C6-4A57-A434-2C35EA928780}.Release|x86.Build.0 = Release|Any CPU
		{5FE5D0DF-0DE5-4093-86AF-1BD60A530B9C}.Ad-Hoc|Any CPU.ActiveCfg = Release|Any CPU
		{5FE5D0DF-0DE5-4093-86AF-1BD60A530B9C}.Ad-Hoc|Any CPU.Build.0 = Release|Any CPU
		{5FE5D0DF-0DE5-4093-86AF-1BD60A530B9C}.Ad-Hoc|ARM.ActiveCfg = Release|Any CPU
		{5FE5D0DF-0DE5-4093-86AF-1BD60A530B9C}.Ad-Hoc|ARM.Build.0 = Release|Any CPU
		{5FE5D0DF-0DE5-4093-86AF-1BD60A530B9C}.Ad-Hoc|iPhone.ActiveCfg = Release|Any CPU
		{5FE5D0DF-0DE5-4093-86AF-1BD60A530B9C}.Ad-Hoc|iPhone.Build.0 = Release|Any CPU
		{5FE5D0DF-0DE5-4093-86AF-1BD60A530B9C}.Ad-Hoc|iPhoneSimulator.ActiveCfg = Release|Any CPU
		{5FE5D0DF-0DE5-4093-86AF-1BD60A530B9C}.Ad-Hoc|iPhoneSimulator.Build.0 = Release|Any CPU
		{5FE5D0DF-0DE5-4093-86AF-1BD60A530B9C}.Ad-Hoc|x64.ActiveCfg = Release|Any CPU
		{5FE5D0DF-0DE5-4093-86AF-1BD60A530B9C}.Ad-Hoc|x64.Build.0 = Release|Any CPU
		{5FE5D0DF-0DE5-4093-86AF-1BD60A530B9C}.Ad-Hoc|x86.ActiveCfg = Release|Any CPU
		{5FE5D0DF-0DE5-4093-86AF-1BD60A530B9C}.Ad-Hoc|x86.Build.0 = Release|Any CPU
		{5FE5D0DF-0DE5-4093-86AF-1BD60A530B9C}.AppStore|Any CPU.ActiveCfg = Release|Any CPU
		{5FE5D0DF-0DE5-4093-86AF-1BD60A530B9C}.AppStore|Any CPU.Build.0 = Release|Any CPU
		{5FE5D0DF-0DE5-4093-86AF-1BD60A530B9C}.AppStore|ARM.ActiveCfg = Release|Any CPU
		{5FE5D0DF-0DE5-4093-86AF-1BD60A530B9C}.AppStore|ARM.Build.0 = Release|Any CPU
		{5FE5D0DF-0DE5-4093-86AF-1BD60A530B9C}.AppStore|iPhone.ActiveCfg = Release|Any CPU
		{5FE5D0DF-0DE5-4093-86AF-1BD60A530B9C}.AppStore|iPhone.Build.0 = Release|Any CPU
		{5FE5D0DF-0DE5-4093-86AF-1BD60A530B9C}.AppStore|iPhoneSimulator.ActiveCfg = Release|Any CPU
		{5FE5D0DF-0DE5-4093-86AF-1BD60A530B9C}.AppStore|iPhoneSimulator.Build.0 = Release|Any CPU
		{5FE5D0DF-0DE5-4093-86AF-1BD60A530B9C}.AppStore|x64.ActiveCfg = Release|Any CPU
		{5FE5D0DF-0DE5-4093-86AF-1BD60A530B9C}.AppStore|x64.Build.0 = Release|Any CPU
		{5FE5D0DF-0DE5-4093-86AF-1BD60A530B9C}.AppStore|x86.ActiveCfg = Release|Any CPU
		{5FE5D0DF-0DE5-4093-86AF-1BD60A530B9C}.AppStore|x86.Build.0 = Release|Any CPU
		{5FE5D0DF-0DE5-4093-86AF-1BD60A530B9C}.Debug|Any CPU.ActiveCfg = Debug|Any CPU
		{5FE5D0DF-0DE5-4093-86AF-1BD60A530B9C}.Debug|Any CPU.Build.0 = Debug|Any CPU
		{5FE5D0DF-0DE5-4093-86AF-1BD60A530B9C}.Debug|ARM.ActiveCfg = Debug|Any CPU
		{5FE5D0DF-0DE5-4093-86AF-1BD60A530B9C}.Debug|ARM.Build.0 = Debug|Any CPU
		{5FE5D0DF-0DE5-4093-86AF-1BD60A530B9C}.Debug|iPhone.ActiveCfg = Debug|Any CPU
		{5FE5D0DF-0DE5-4093-86AF-1BD60A530B9C}.Debug|iPhone.Build.0 = Debug|Any CPU
		{5FE5D0DF-0DE5-4093-86AF-1BD60A530B9C}.Debug|iPhoneSimulator.ActiveCfg = Debug|Any CPU
		{5FE5D0DF-0DE5-4093-86AF-1BD60A530B9C}.Debug|iPhoneSimulator.Build.0 = Debug|Any CPU
		{5FE5D0DF-0DE5-4093-86AF-1BD60A530B9C}.Debug|x64.ActiveCfg = Debug|Any CPU
		{5FE5D0DF-0DE5-4093-86AF-1BD60A530B9C}.Debug|x64.Build.0 = Debug|Any CPU
		{5FE5D0DF-0DE5-4093-86AF-1BD60A530B9C}.Debug|x86.ActiveCfg = Debug|Any CPU
		{5FE5D0DF-0DE5-4093-86AF-1BD60A530B9C}.Debug|x86.Build.0 = Debug|Any CPU
		{5FE5D0DF-0DE5-4093-86AF-1BD60A530B9C}.Release|Any CPU.ActiveCfg = Release|Any CPU
		{5FE5D0DF-0DE5-4093-86AF-1BD60A530B9C}.Release|Any CPU.Build.0 = Release|Any CPU
		{5FE5D0DF-0DE5-4093-86AF-1BD60A530B9C}.Release|ARM.ActiveCfg = Release|Any CPU
		{5FE5D0DF-0DE5-4093-86AF-1BD60A530B9C}.Release|ARM.Build.0 = Release|Any CPU
		{5FE5D0DF-0DE5-4093-86AF-1BD60A530B9C}.Release|iPhone.ActiveCfg = Release|Any CPU
		{5FE5D0DF-0DE5-4093-86AF-1BD60A530B9C}.Release|iPhone.Build.0 = Release|Any CPU
		{5FE5D0DF-0DE5-4093-86AF-1BD60A530B9C}.Release|iPhoneSimulator.ActiveCfg = Release|Any CPU
		{5FE5D0DF-0DE5-4093-86AF-1BD60A530B9C}.Release|iPhoneSimulator.Build.0 = Release|Any CPU
		{5FE5D0DF-0DE5-4093-86AF-1BD60A530B9C}.Release|x64.ActiveCfg = Release|Any CPU
		{5FE5D0DF-0DE5-4093-86AF-1BD60A530B9C}.Release|x64.Build.0 = Release|Any CPU
		{5FE5D0DF-0DE5-4093-86AF-1BD60A530B9C}.Release|x86.ActiveCfg = Release|Any CPU
		{5FE5D0DF-0DE5-4093-86AF-1BD60A530B9C}.Release|x86.Build.0 = Release|Any CPU
		{8C94430E-66E2-42DD-98E4-40AB44F67AD5}.Ad-Hoc|Any CPU.ActiveCfg = Release|Any CPU
		{8C94430E-66E2-42DD-98E4-40AB44F67AD5}.Ad-Hoc|Any CPU.Build.0 = Release|Any CPU
		{8C94430E-66E2-42DD-98E4-40AB44F67AD5}.Ad-Hoc|ARM.ActiveCfg = Release|Any CPU
		{8C94430E-66E2-42DD-98E4-40AB44F67AD5}.Ad-Hoc|ARM.Build.0 = Release|Any CPU
		{8C94430E-66E2-42DD-98E4-40AB44F67AD5}.Ad-Hoc|iPhone.ActiveCfg = Release|Any CPU
		{8C94430E-66E2-42DD-98E4-40AB44F67AD5}.Ad-Hoc|iPhone.Build.0 = Release|Any CPU
		{8C94430E-66E2-42DD-98E4-40AB44F67AD5}.Ad-Hoc|iPhoneSimulator.ActiveCfg = Release|Any CPU
		{8C94430E-66E2-42DD-98E4-40AB44F67AD5}.Ad-Hoc|iPhoneSimulator.Build.0 = Release|Any CPU
		{8C94430E-66E2-42DD-98E4-40AB44F67AD5}.Ad-Hoc|x64.ActiveCfg = Release|Any CPU
		{8C94430E-66E2-42DD-98E4-40AB44F67AD5}.Ad-Hoc|x64.Build.0 = Release|Any CPU
		{8C94430E-66E2-42DD-98E4-40AB44F67AD5}.Ad-Hoc|x86.ActiveCfg = Release|Any CPU
		{8C94430E-66E2-42DD-98E4-40AB44F67AD5}.Ad-Hoc|x86.Build.0 = Release|Any CPU
		{8C94430E-66E2-42DD-98E4-40AB44F67AD5}.AppStore|Any CPU.ActiveCfg = Release|Any CPU
		{8C94430E-66E2-42DD-98E4-40AB44F67AD5}.AppStore|Any CPU.Build.0 = Release|Any CPU
		{8C94430E-66E2-42DD-98E4-40AB44F67AD5}.AppStore|ARM.ActiveCfg = Release|Any CPU
		{8C94430E-66E2-42DD-98E4-40AB44F67AD5}.AppStore|ARM.Build.0 = Release|Any CPU
		{8C94430E-66E2-42DD-98E4-40AB44F67AD5}.AppStore|iPhone.ActiveCfg = Release|Any CPU
		{8C94430E-66E2-42DD-98E4-40AB44F67AD5}.AppStore|iPhone.Build.0 = Release|Any CPU
		{8C94430E-66E2-42DD-98E4-40AB44F67AD5}.AppStore|iPhoneSimulator.ActiveCfg = Release|Any CPU
		{8C94430E-66E2-42DD-98E4-40AB44F67AD5}.AppStore|iPhoneSimulator.Build.0 = Release|Any CPU
		{8C94430E-66E2-42DD-98E4-40AB44F67AD5}.AppStore|x64.ActiveCfg = Release|Any CPU
		{8C94430E-66E2-42DD-98E4-40AB44F67AD5}.AppStore|x64.Build.0 = Release|Any CPU
		{8C94430E-66E2-42DD-98E4-40AB44F67AD5}.AppStore|x86.ActiveCfg = Release|Any CPU
		{8C94430E-66E2-42DD-98E4-40AB44F67AD5}.AppStore|x86.Build.0 = Release|Any CPU
		{8C94430E-66E2-42DD-98E4-40AB44F67AD5}.Debug|Any CPU.ActiveCfg = Debug|Any CPU
		{8C94430E-66E2-42DD-98E4-40AB44F67AD5}.Debug|Any CPU.Build.0 = Debug|Any CPU
		{8C94430E-66E2-42DD-98E4-40AB44F67AD5}.Debug|ARM.ActiveCfg = Debug|Any CPU
		{8C94430E-66E2-42DD-98E4-40AB44F67AD5}.Debug|ARM.Build.0 = Debug|Any CPU
		{8C94430E-66E2-42DD-98E4-40AB44F67AD5}.Debug|iPhone.ActiveCfg = Debug|Any CPU
		{8C94430E-66E2-42DD-98E4-40AB44F67AD5}.Debug|iPhone.Build.0 = Debug|Any CPU
		{8C94430E-66E2-42DD-98E4-40AB44F67AD5}.Debug|iPhoneSimulator.ActiveCfg = Debug|Any CPU
		{8C94430E-66E2-42DD-98E4-40AB44F67AD5}.Debug|iPhoneSimulator.Build.0 = Debug|Any CPU
		{8C94430E-66E2-42DD-98E4-40AB44F67AD5}.Debug|x64.ActiveCfg = Debug|Any CPU
		{8C94430E-66E2-42DD-98E4-40AB44F67AD5}.Debug|x64.Build.0 = Debug|Any CPU
		{8C94430E-66E2-42DD-98E4-40AB44F67AD5}.Debug|x86.ActiveCfg = Debug|Any CPU
		{8C94430E-66E2-42DD-98E4-40AB44F67AD5}.Debug|x86.Build.0 = Debug|Any CPU
		{8C94430E-66E2-42DD-98E4-40AB44F67AD5}.Release|Any CPU.ActiveCfg = Release|Any CPU
		{8C94430E-66E2-42DD-98E4-40AB44F67AD5}.Release|Any CPU.Build.0 = Release|Any CPU
		{8C94430E-66E2-42DD-98E4-40AB44F67AD5}.Release|ARM.ActiveCfg = Release|Any CPU
		{8C94430E-66E2-42DD-98E4-40AB44F67AD5}.Release|ARM.Build.0 = Release|Any CPU
		{8C94430E-66E2-42DD-98E4-40AB44F67AD5}.Release|iPhone.ActiveCfg = Release|Any CPU
		{8C94430E-66E2-42DD-98E4-40AB44F67AD5}.Release|iPhone.Build.0 = Release|Any CPU
		{8C94430E-66E2-42DD-98E4-40AB44F67AD5}.Release|iPhoneSimulator.ActiveCfg = Release|Any CPU
		{8C94430E-66E2-42DD-98E4-40AB44F67AD5}.Release|iPhoneSimulator.Build.0 = Release|Any CPU
		{8C94430E-66E2-42DD-98E4-40AB44F67AD5}.Release|x64.ActiveCfg = Release|Any CPU
		{8C94430E-66E2-42DD-98E4-40AB44F67AD5}.Release|x64.Build.0 = Release|Any CPU
		{8C94430E-66E2-42DD-98E4-40AB44F67AD5}.Release|x86.ActiveCfg = Release|Any CPU
		{8C94430E-66E2-42DD-98E4-40AB44F67AD5}.Release|x86.Build.0 = Release|Any CPU
	EndGlobalSection
	GlobalSection(SolutionProperties) = preSolution
		HideSolutionNode = FALSE
	EndGlobalSection
	GlobalSection(NestedProjects) = preSolution
		{692188BF-A51C-46BA-B48D-FC0B01E8B7F5} = {7BC1B436-4B37-49A8-A759-B5FC76FEA8DD}
		{03AA332B-1F6F-47A5-B1DA-F5F1D3078B8F} = {7BC1B436-4B37-49A8-A759-B5FC76FEA8DD}
		{F126F001-CAE7-4579-9410-8C7BD832ACF6} = {7BC1B436-4B37-49A8-A759-B5FC76FEA8DD}
		{B1EF594E-A8C6-4A57-A434-2C35EA928780} = {7BC1B436-4B37-49A8-A759-B5FC76FEA8DD}
		{5FE5D0DF-0DE5-4093-86AF-1BD60A530B9C} = {7BC1B436-4B37-49A8-A759-B5FC76FEA8DD}
		{8C94430E-66E2-42DD-98E4-40AB44F67AD5} = {7BC1B436-4B37-49A8-A759-B5FC76FEA8DD}
	EndGlobalSection
	GlobalSection(ExtensibilityGlobals) = postSolution
		SolutionGuid = {91F13BA4-A8A3-4224-8285-5493D0DB4A7F}
	EndGlobalSection
	GlobalSection(TeamFoundationVersionControl) = preSolution
		SccNumberOfProjects = 11
		SccEnterpriseProvider = {4CA58AB2-18FA-4F8D-95D4-32DDF27D184C}
		SccTeamFoundationServer = https://reskinapps.visualstudio.com/
		SccLocalPath0 = .
		SccProjectUniqueName1 = GuideApp\\GuideApp.Android\\GuideApp.Android.csproj
		SccProjectName1 = GuideApp/GuideApp.Android
		SccLocalPath1 = GuideApp\\GuideApp.Android
		SccProjectUniqueName2 = GuideApp\\GuideApp\\GuideApp.csproj
		SccProjectName2 = GuideApp/GuideApp
		SccLocalPath2 = GuideApp\\GuideApp
		SccProjectUniqueName3 = GuideApp\\GuideApp.UWP\\GuideApp.UWP.csproj
		SccProjectName3 = GuideApp/GuideApp.UWP
		SccLocalPath3 = GuideApp\\GuideApp.UWP
		SccProjectUniqueName4 = GuideApp\\GuideApp.iOS\\GuideApp.iOS.csproj
		SccProjectName4 = GuideApp/GuideApp.iOS
		SccLocalPath4 = GuideApp\\GuideApp.iOS
		SccProjectUniqueName5 = GuideApp.WebApi\\GuideApp.WebApi.csproj
		SccProjectTopLevelParentUniqueName5 = GuideAppSolution.sln
		SccProjectName5 = GuideApp.WebApi
		SccLocalPath5 = GuideApp.WebApi
		SccProjectUniqueName6 = GuideApp.WebApi.Tests\\GuideApp.WebApi.Tests.csproj
		SccProjectTopLevelParentUniqueName6 = GuideAppSolution.sln
		SccProjectName6 = GuideApp.WebApi.Tests
		SccLocalPath6 = GuideApp.WebApi.Tests
		SccProjectUniqueName7 = GuideApp.Data\\GuideApp.Data.csproj
		SccProjectTopLevelParentUniqueName7 = GuideAppSolution.sln
		SccProjectName7 = GuideApp.Data
		SccLocalPath7 = GuideApp.Data
		SccProjectUniqueName8 = GuideApp.Infrasructure\\GuideApp.Infrastructure.csproj
		SccProjectTopLevelParentUniqueName8 = GuideAppSolution.sln
		SccProjectName8 = GuideApp.Infrasructure
		SccLocalPath8 = GuideApp.Infrasructure
		SccProjectUniqueName9 = GuideApp.Service\\GuideApp.Service.csproj
		SccProjectTopLevelParentUniqueName9 = GuideAppSolution.sln
		SccProjectName9 = GuideApp.Service
		SccLocalPath9 = GuideApp.Service
		SccProjectUniqueName10 = GuideApp.Repository\\GuideApp.Repository.csproj
		SccProjectTopLevelParentUniqueName10 = GuideAppSolution.sln
		SccProjectName10 = GuideApp.Repository
		SccLocalPath10 = GuideApp.Repository
	EndGlobalSection
EndGlobal
